
Microsoft Visual Studio Solution File, Format Version 12.00
# Visual Studio 15
Project("{FAE04EC0-301F-11D3-BF4B-00C04F79EFBC}") = "ZombieShoot", "Assembly-CSharp.csproj", "{0B1096A0-8BF6-B374-2333-10619594F638}"
EndProject
Project("{FAE04EC0-301F-11D3-BF4B-00C04F79EFBC}") = "ZombieShoot", "Assembly-CSharp-firstpass.csproj", "{6927E1B5-1459-E8E5-25A8-3770BB7DB177}"
EndProject
Project("{FAE04EC0-301F-11D3-BF4B-00C04F79EFBC}") = "ZombieShoot", "Assembly-CSharp-Editor-firstpass.csproj", "{81B90D50-2AF7-4BDB-5AAB-C4C7E00AD9A9}"
EndProject
Global
	GlobalSection(SolutionConfigurationPlatforms) = preSolution
		Debug|Any CPU = Debug|Any CPU
		Release|Any CPU = Release|Any CPU
	EndGlobalSection
	GlobalSection(ProjectConfigurationPlatforms) = postSolution
		{0B1096A0-8BF6-B374-2333-10619594F638}.Debug|Any CPU.ActiveCfg = Debug|Any CPU
		{0B1096A0-8BF6-B374-2333-10619594F638}.Debug|Any CPU.Build.0 = Debug|Any CPU
		{0B1096A0-8BF6-B374-2333-10619594F638}.Release|Any CPU.ActiveCfg = Release|Any CPU
		{0B1096A0-8BF6-B374-2333-10619594F638}.Release|Any CPU.Build.0 = Release|Any CPU
		{6927E1B5-1459-E8E5-25A8-3770BB7DB177}.Debug|Any CPU.ActiveCfg = Debug|Any CPU
		{6927E1B5-1459-E8E5-25A8-3770BB7DB177}.Debug|Any CPU.Build.0 = Debug|Any CPU
		{6927E1B5-1459-E8E5-25A8-3770BB7DB177}.Release|Any CPU.ActiveCfg = Release|Any CPU
		{6927E1B5-1459-E8E5-25A8-3770BB7DB177}.Release|Any CPU.Build.0 = Release|Any CPU
		{81B90D50-2AF7-4BDB-5AAB-C4C7E00AD9A9}.Debug|Any CPU.ActiveCfg = Debug|Any CPU
		{81B90D50-2AF7-4BDB-5AAB-C4C7E00AD9A9}.Debug|Any CPU.Build.0 = Debug|Any CPU
		{81B90D50-2AF7-4BDB-5AAB-C4C7E00AD9A9}.Release|Any CPU.ActiveCfg = Release|Any CPU
		{81B90D50-2AF7-4BDB-5AAB-C4C7E00AD9A9}.Release|Any CPU.Build.0 = Release|Any CPU
	EndGlobalSection
	GlobalSection(SolutionProperties) = preSolution
		HideSolutionNode = FALSE
	EndGlobalSection
EndGlobal
